// !$*UTF8*$!
{
	archiveVersion = 1;
	classes = {
	};
	objectVersion = 46;
	objects = {

/* Begin PBXBuildFile section */
		9C4FB49D1C7C8A820042656E /* main.m in Sources */ = {isa = PBXBuildFile; fileRef = 9C4FB49C1C7C8A820042656E /* main.m */; };
		9C4FB4A01C7C8A820042656E /* AppDelegate.m in Sources */ = {isa = PBXBuildFile; fileRef = 9C4FB49F1C7C8A820042656E /* AppDelegate.m */; };
		9C4FB4A31C7C8A820042656E /* ViewController.m in Sources */ = {isa = PBXBuildFile; fileRef = 9C4FB4A21C7C8A820042656E /* ViewController.m */; };
		9C4FB4A61C7C8A820042656E /* Main.storyboard in Resources */ = {isa = PBXBuildFile; fileRef = 9C4FB4A41C7C8A820042656E /* Main.storyboard */; };
		9C4FB4A81C7C8A820042656E /* Assets.xcassets in Resources */ = {isa = PBXBuildFile; fileRef = 9C4FB4A71C7C8A820042656E /* Assets.xcassets */; };
		9C4FB4AB1C7C8A820042656E /* LaunchScreen.storyboard in Resources */ = {isa = PBXBuildFile; fileRef = 9C4FB4A91C7C8A820042656E /* LaunchScreen.storyboard */; };
		9CE99B5A1C7D486E00216528 /* HWHeadRefresh.m in Sources */ = {isa = PBXBuildFile; fileRef = 9CE99B521C7D486E00216528 /* HWHeadRefresh.m */; };
		9CE99B5B1C7D486E00216528 /* HWRefreshKeyValue.m in Sources */ = {isa = PBXBuildFile; fileRef = 9CE99B551C7D486E00216528 /* HWRefreshKeyValue.m */; };
		9CE99B5C1C7D486E00216528 /* HWSource.bundle in Resources */ = {isa = PBXBuildFile; fileRef = 9CE99B561C7D486E00216528 /* HWSource.bundle */; };
		9CE99B601C7D98EC00216528 /* HWFooterRefresh.m in Sources */ = {isa = PBXBuildFile; fileRef = 9CE99B5F1C7D98EC00216528 /* HWFooterRefresh.m */; };
/* End PBXBuildFile section */

/* Begin PBXFileReference section */
		9C4FB4981C7C8A820042656E /* Demo.app */ = {isa = PBXFileReference; explicitFileType = wrapper.application; includeInIndex = 0; path = Demo.app; sourceTree = BUILT_PRODUCTS_DIR; };
		9C4FB49C1C7C8A820042656E /* main.m */ = {isa = PBXFileReference; lastKnownFileType = sourcecode.c.objc; path = main.m; sourceTree = "<group>"; };
		9C4FB49E1C7C8A820042656E /* AppDelegate.h */ = {isa = PBXFileReference; lastKnownFileType = sourcecode.c.h; path = AppDelegate.h; sourceTree = "<group>"; };
		9C4FB49F1C7C8A820042656E /* AppDelegate.m */ = {isa = PBXFileReference; lastKnownFileType = sourcecode.c.objc; path = AppDelegate.m; sourceTree = "<group>"; };
		9C4FB4A11C7C8A820042656E /* ViewController.h */ = {isa = PBXFileReference; lastKnownFileType = sourcecode.c.h; path = ViewController.h; sourceTree = "<group>"; };
		9C4FB4A21C7C8A820042656E /* ViewController.m */ = {isa = PBXFileReference; lastKnownFileType = sourcecode.c.objc; path = ViewController.m; sourceTree = "<group>"; };
		9C4FB4A51C7C8A820042656E /* Base */ = {isa = PBXFileReference; lastKnownFileType = file.storyboard; name = Base; path = Base.lproj/Main.storyboard; sourceTree = "<group>"; };
		9C4FB4A71C7C8A820042656E /* Assets.xcassets */ = {isa = PBXFileReference; lastKnownFileType = folder.assetcatalog; path = Assets.xcassets; sourceTree = "<group>"; };
		9C4FB4AA1C7C8A820042656E /* Base */ = {isa = PBXFileReference; lastKnownFileType = file.storyboard; name = Base; path = Base.lproj/LaunchScreen.storyboard; sourceTree = "<group>"; };
		9C4FB4AC1C7C8A820042656E /* Info.plist */ = {isa = PBXFileReference; lastKnownFileType = text.plist.xml; path = Info.plist; sourceTree = "<group>"; };
		9CE99B511C7D486E00216528 /* HWHeadRefresh.h */ = {isa = PBXFileReference; fileEncoding = 4; lastKnownFileType = sourcecode.c.h; path = HWHeadRefresh.h; sourceTree = "<group>"; };
		9CE99B521C7D486E00216528 /* HWHeadRefresh.m */ = {isa = PBXFileReference; fileEncoding = 4; lastKnownFileType = sourcecode.c.objc; path = HWHeadRefresh.m; sourceTree = "<group>"; };
		9CE99B531C7D486E00216528 /* HWRefresh.h */ = {isa = PBXFileReference; fileEncoding = 4; lastKnownFileType = sourcecode.c.h; path = HWRefresh.h; sourceTree = "<group>"; };
		9CE99B541C7D486E00216528 /* HWRefreshKeyValue.h */ = {isa = PBXFileReference; fileEncoding = 4; lastKnownFileType = sourcecode.c.h; path = HWRefreshKeyValue.h; sourceTree = "<group>"; };
		9CE99B551C7D486E00216528 /* HWRefreshKeyValue.m */ = {isa = PBXFileReference; fileEncoding = 4; lastKnownFileType = sourcecode.c.objc; path = HWRefreshKeyValue.m; sourceTree = "<group>"; };
		9CE99B561C7D486E00216528 /* HWSource.bundle */ = {isa = PBXFileReference; lastKnownFileType = "wrapper.plug-in"; path = HWSource.bundle; sourceTree = "<group>"; };
		9CE99B571C7D486E00216528 /* HWValue.h */ = {isa = PBXFileReference; fileEncoding = 4; lastKnownFileType = sourcecode.c.h; path = HWValue.h; sourceTree = "<group>"; };
		9CE99B5E1C7D98EC00216528 /* HWFooterRefresh.h */ = {isa = PBXFileReference; fileEncoding = 4; lastKnownFileType = sourcecode.c.h; path = HWFooterRefresh.h; sourceTree = "<group>"; };
		9CE99B5F1C7D98EC00216528 /* HWFooterRefresh.m */ = {isa = PBXFileReference; fileEncoding = 4; lastKnownFileType = sourcecode.c.objc; path = HWFooterRefresh.m; sourceTree = "<group>"; };
/* End PBXFileReference section */

/* Begin PBXFrameworksBuildPhase section */
		9C4FB4951C7C8A820042656E /* Frameworks */ = {
			isa = PBXFrameworksBuildPhase;
			buildActionMask = 2147483647;
			files = (
			);
			runOnlyForDeploymentPostprocessing = 0;
		};
/* End PBXFrameworksBuildPhase section */

/* Begin PBXGroup section */
		9C4FB48F1C7C8A820042656E = {
			isa = PBXGroup;
			children = (
				9C4FB49A1C7C8A820042656E /* Demo */,
				9C4FB4991C7C8A820042656E /* Products */,
			);
			sourceTree = "<group>";
		};
		9C4FB4991C7C8A820042656E /* Products */ = {
			isa = PBXGroup;
			children = (
				9C4FB4981C7C8A820042656E /* Demo.app */,
			);
			name = Products;
			sourceTree = "<group>";
		};
		9C4FB49A1C7C8A820042656E /* Demo */ = {
			isa = PBXGroup;
			children = (
				9CE99B501C7D486E00216528 /* HWRefresh */,
				9C4FB49E1C7C8A820042656E /* AppDelegate.h */,
				9C4FB49F1C7C8A820042656E /* AppDelegate.m */,
				9C4FB4A11C7C8A820042656E /* ViewController.h */,
				9C4FB4A21C7C8A820042656E /* ViewController.m */,
				9C4FB4A41C7C8A820042656E /* Main.storyboard */,
				9C4FB4A71C7C8A820042656E /* Assets.xcassets */,
				9C4FB4A91C7C8A820042656E /* LaunchScreen.storyboard */,
				9C4FB4AC1C7C8A820042656E /* Info.plist */,
				9C4FB49B1C7C8A820042656E /* Supporting Files */,
			);
			path = Demo;
			sourceTree = "<group>";
		};
		9C4FB49B1C7C8A820042656E /* Supporting Files */ = {
			isa = PBXGroup;
			children = (
				9C4FB49C1C7C8A820042656E /* main.m */,
			);
			name = "Supporting Files";
			sourceTree = "<group>";
		};
		9CE99B501C7D486E00216528 /* HWRefresh */ = {
			isa = PBXGroup;
			children = (
				9CE99B511C7D486E00216528 /* HWHeadRefresh.h */,
				9CE99B521C7D486E00216528 /* HWHeadRefresh.m */,
				9CE99B5E1C7D98EC00216528 /* HWFooterRefresh.h */,
				9CE99B5F1C7D98EC00216528 /* HWFooterRefresh.m */,
				9CE99B531C7D486E00216528 /* HWRefresh.h */,
				9CE99B541C7D486E00216528 /* HWRefreshKeyValue.h */,
				9CE99B551C7D486E00216528 /* HWRefreshKeyValue.m */,
				9CE99B561C7D486E00216528 /* HWSource.bundle */,
				9CE99B571C7D486E00216528 /* HWValue.h */,
			);
			path = HWRefresh;
			sourceTree = "<group>";
		};
/* End PBXGroup section */

/* Begin PBXNativeTarget section */
		9C4FB4971C7C8A820042656E /* Demo */ = {
			isa = PBXNativeTarget;
			buildConfigurationList = 9C4FB4AF1C7C8A820042656E /* Build configuration list for PBXNativeTarget "Demo" */;
			buildPhases = (
				9C4FB4941C7C8A820042656E /* Sources */,
				9C4FB4951C7C8A820042656E /* Frameworks */,
				9C4FB4961C7C8A820042656E /* Resources */,
			);
			buildRules = (
			);
			dependencies = (
			);
			name = Demo;
			productName = Demo;
			productReference = 9C4FB4981C7C8A820042656E /* Demo.app */;
			productType = "com.apple.product-type.application";
		};
/* End PBXNativeTarget section */

/* Begin PBXProject section */
		9C4FB4901C7C8A820042656E /* Project object */ = {
			isa = PBXProject;
			attributes = {
				LastUpgradeCheck = 0710;
				ORGANIZATIONNAME = Howe;
				TargetAttributes = {
					9C4FB4971C7C8A820042656E = {
						CreatedOnToolsVersion = 7.1.1;
						DevelopmentTeam = 53NQX273XA;
					};
				};
			};
			buildConfigurationList = 9C4FB4931C7C8A820042656E /* Build configuration list for PBXProject "Demo" */;
			compatibilityVersion = "Xcode 3.2";
			developmentRegion = English;
			hasScannedForEncodings = 0;
			knownRegions = (
				en,
				Base,
			);
			mainGroup = 9C4FB48F1C7C8A820042656E;
			productRefGroup = 9C4FB4991C7C8A820042656E /* Products */;
			projectDirPath = "";
			projectRoot = "";
			targets = (
				9C4FB4971C7C8A820042656E /* Demo */,
			);
		};
/* End PBXProject section */

/* Begin PBXResourcesBuildPhase section */
		9C4FB4961C7C8A820042656E /* Resources */ = {
			isa = PBXResourcesBuildPhase;
			buildActionMask = 2147483647;
			files = (
				9C4FB4AB1C7C8A820042656E /* LaunchScreen.storyboard in Resources */,
				9C4FB4A81C7C8A820042656E /* Assets.xcassets in Resources */,
				9C4FB4A61C7C8A820042656E /* Main.storyboard in Resources */,
				9CE99B5C1C7D486E00216528 /* HWSource.bundle in Resources */,
			);
			runOnlyForDeploymentPostprocessing = 0;
		};
/* End PBXResourcesBuildPhase section */

/* Begin PBXSourcesBuildPhase section */
		9C4FB4941C7C8A820042656E /* Sources */ = {
			isa = PBXSourcesBuildPhase;
			buildActionMask = 2147483647;
			files = (
				9CE99B5B1C7D486E00216528 /* HWRefreshKeyValue.m in Sources */,
				9C4FB4A31C7C8A820042656E /* ViewController.m in Sources */,
				9C4FB4A01C7C8A820042656E /* AppDelegate.m in Sources */,
				9CE99B601C7D98EC00216528 /* HWFooterRefresh.m in Sources */,
				9CE99B5A1C7D486E00216528 /* HWHeadRefresh.m in Sources */,
				9C4FB49D1C7C8A820042656E /* main.m in Sources */,
			);
			runOnlyForDeploymentPostprocessing = 0;
		};
/* End PBXSourcesBuildPhase section */

/* Begin PBXVariantGroup section */
		9C4FB4A41C7C8A820042656E /* Main.storyboard */ = {
			isa = PBXVariantGroup;
			children = (
				9C4FB4A51C7C8A820042656E /* Base */,
			);
			name = Main.storyboard;
			sourceTree = "<group>";
		};
		9C4FB4A91C7C8A820042656E /* LaunchScreen.storyboard */ = {
			isa = PBXVariantGroup;
			children = (
				9C4FB4AA1C7C8A820042656E /* Base */,
			);
			name = LaunchScreen.storyboard;
			sourceTree = "<group>";
		};
/* End PBXVariantGroup section */

/* Begin XCBuildConfiguration section */
		9C4FB4AD1C7C8A820042656E /* Debug */ = {
			isa = XCBuildConfiguration;
			buildSettings = {
				ALWAYS_SEARCH_USER_PATHS = NO;
				CLANG_CXX_LANGUAGE_STANDARD = "gnu++0x";
				CLANG_CXX_LIBRARY = "libc++";
				CLANG_ENABLE_MODULES = YES;
				CLANG_ENABLE_OBJC_ARC = YES;
				CLANG_WARN_BOOL_CONVERSION = YES;
				CLANG_WARN_CONSTANT_CONVERSION = YES;
				CLANG_WARN_DIRECT_OBJC_ISA_USAGE = YES_ERROR;
				CLANG_WARN_EMPTY_BODY = YES;
				CLANG_WARN_ENUM_CONVERSION = YES;
				CLANG_WARN_INT_CONVERSION = YES;
				CLANG_WARN_OBJC_ROOT_CLASS = YES_ERROR;
				CLANG_WARN_UNREACHABLE_CODE = YES;
				CLANG_WARN__DUPLICATE_METHOD_MATCH = YES;
				"CODE_SIGN_IDENTITY[sdk=iphoneos*]" = "iPhone Developer";
				COPY_PHASE_STRIP = NO;
				DEBUG_INFORMATION_FORMAT = dwarf;
				ENABLE_STRICT_OBJC_MSGSEND = YES;
				ENABLE_TESTABILITY = YES;
				GCC_C_LANGUAGE_STANDARD = gnu99;
				GCC_DYNAMIC_NO_PIC = NO;
				GCC_NO_COMMON_BLOCKS = YES;
				GCC_OPTIMIZATION_LEVEL = 0;
				GCC_PREPROCESSOR_DEFINITIONS = (
					"DEBUG=1",
					"$(inherited)",
				);
				GCC_WARN_64_TO_32_BIT_CONVERSION = YES;
				GCC_WARN_ABOUT_RETURN_TYPE = YES_ERROR;
				GCC_WARN_UNDECLARED_SELECTOR = YES;
				GCC_WARN_UNINITIALIZED_AUTOS = YES_AGGRESSIVE;
				GCC_WARN_UNUSED_FUNCTION = YES;
				GCC_WARN_UNUSED_VARIABLE = YES;
				IPHONEOS_DEPLOYMENT_TARGET = 9.1;
				MTL_ENABLE_DEBUG_INFO = YES;
				ONLY_ACTIVE_ARCH = YES;
				SDKROOT = iphoneos;
			};
			name = Debug;
		};
		9C4FB4AE1C7C8A820042656E /* Release */ = {
			isa = XCBuildConfiguration;
			buildSettings = {
				ALWAYS_SEARCH_USER_PATHS = NO;
				CLANG_CXX_LANGUAGE_STANDARD = "gnu++0x";
				CLANG_CXX_LIBRARY = "libc++";
				CLANG_ENABLE_MODULES = YES;
				CLANG_ENABLE_OBJC_ARC = YES;
				CLANG_WARN_BOOL_CONVERSION = YES;
				CLANG_WARN_CONSTANT_CONVERSION = YES;
				CLANG_WARN_DIRECT_OBJC_ISA_USAGE = YES_ERROR;
				CLANG_WARN_EMPTY_BODY = YES;
				CLANG_WARN_ENUM_CONVERSION = YES;
				CLANG_WARN_INT_CONVERSION = YES;
				CLANG_WARN_OBJC_ROOT_CLASS = YES_ERROR;
				CLANG_WARN_UNREACHABLE_CODE = YES;
				CLANG_WARN__DUPLICATE_METHOD_MATCH = YES;
				"CODE_SIGN_IDENTITY[sdk=iphoneos*]" = "iPhone Developer";
				COPY_PHASE_STRIP = NO;
				DEBUG_INFORMATION_FORMAT = "dwarf-with-dsym";
				ENABLE_NS_ASSERTIONS = NO;
				ENABLE_STRICT_OBJC_MSGSEND = YES;
				GCC_C_LANGUAGE_STANDARD = gnu99;
				GCC_NO_COMMON_BLOCKS = YES;
				GCC_WARN_64_TO_32_BIT_CONVERSION = YES;
				GCC_WARN_ABOUT_RETURN_TYPE = YES_ERROR;
				GCC_WARN_UNDECLARED_SELECTOR = YES;
				GCC_WARN_UNINITIALIZED_AUTOS = YES_AGGRESSIVE;
				GCC_WARN_UNUSED_FUNCTION = YES;
				GCC_WARN_UNUSED_VARIABLE = YES;
				IPHONEOS_DEPLOYMENT_TARGET = 9.1;
				MTL_ENABLE_DEBUG_INFO = NO;
				SDKROOT = iphoneos;
				VALIDATE_PRODUCT = YES;
			};
			name = Release;
		};
		9C4FB4B01C7C8A820042656E /* Debug */ = {
			isa = XCBuildConfiguration;
			buildSettings = {
				ASSETCATALOG_COMPILER_APPICON_NAME = AppIcon;
				CODE_SIGN_IDENTITY = "iPhone Developer";
				INFOPLIST_FILE = Demo/Info.plist;
				IPHONEOS_DEPLOYMENT_TARGET = 8.0;
				LD_RUNPATH_SEARCH_PATHS = "$(inherited) @executable_path/Frameworks";
				PRODUCT_BUNDLE_IDENTIFIER = com.howe.Demo;
				PRODUCT_NAME = "$(TARGET_NAME)";
			};
			name = Debug;
		};
		9C4FB4B11C7C8A820042656E /* Release */ = {
			isa = XCBuildConfiguration;
			buildSettings = {
				ASSETCATALOG_COMPILER_APPICON_NAME = AppIcon;
				CODE_SIGN_IDENTITY = "iPhone Developer";
				INFOPLIST_FILE = Demo/Info.plist;
				IPHONEOS_DEPLOYMENT_TARGET = 8.0;
				LD_RUNPATH_SEARCH_PATHS = "$(inherited) @executable_path/Frameworks";
				PRODUCT_BUNDLE_IDENTIFIER = com.howe.Demo;
				PRODUCT_NAME = "$(TARGET_NAME)";
			};
			name = Release;
		};
/* End XCBuildConfiguration section */

/* Begin XCConfigurationList section */
		9C4FB4931C7C8A820042656E /* Build configuration list for PBXProject "Demo" */ = {
			isa = XCConfigurationList;
			buildConfigurations = (
				9C4FB4AD1C7C8A820042656E /* Debug */,
				9C4FB4AE1C7C8A820042656E /* Release */,
			);
			defaultConfigurationIsVisible = 0;
			defaultConfigurationName = Release;
		};
		9C4FB4AF1C7C8A820042656E /* Build configuration list for PBXNativeTarget "Demo" */ = {
			isa = XCConfigurationList;
			buildConfigurations = (
				9C4FB4B01C7C8A820042656E /* Debug */,
				9C4FB4B11C7C8A820042656E /* Release */,
			);
			defaultConfigurationIsVisible = 0;
			defaultConfigurationName = Release;
		};
/* End XCConfigurationList section */
	};
	rootObject = 9C4FB4901C7C8A820042656E /* Project object */;
}
